
Microsoft Visual Studio Solution File, Format Version 12.00
# Visual Studio Version 16
VisualStudioVersion = 16.0.32802.440
MinimumVisualStudioVersion = 10.0.40219.1
Project("{FAE04EC0-301F-11D3-BF4B-00C04F79EFBC}") = "QLBH", "QLBH\QLBH.csproj", "{18709003-AF98-4B7B-BEAB-826771F087C8}"
EndProject
Global
	GlobalSection(SolutionConfigurationPlatforms) = preSolution
		Debug|Any CPU = Debug|Any CPU
		Release|Any CPU = Release|Any CPU
	EndGlobalSection
	GlobalSection(ProjectConfigurationPlatforms) = postSolution
		{18709003-AF98-4B7B-BEAB-826771F087C8}.Debug|Any CPU.ActiveCfg = Debug|Any CPU
		{18709003-AF98-4B7B-BEAB-826771F087C8}.Debug|Any CPU.Build.0 = Debug|Any CPU
		{18709003-AF98-4B7B-BEAB-826771F087C8}.Release|Any CPU.ActiveCfg = Release|Any CPU
		{18709003-AF98-4B7B-BEAB-826771F087C8}.Release|Any CPU.Build.0 = Release|Any CPU
	EndGlobalSection
	GlobalSection(SolutionProperties) = preSolution
		HideSolutionNode = FALSE
	EndGlobalSection
	GlobalSection(ExtensibilityGlobals) = postSolution
		SolutionGuid = {8796D208-ECA2-4134-A77C-D2A06E8C3717}
	EndGlobalSection
EndGlobal
